﻿
Microsoft Visual Studio Solution File, Format Version 12.00
Project("{FAE04EC0-301F-11D3-BF4B-00C04F79EFBC}") = "Meadow.Framework.Domain.Abstractions", "src\Meadow.Framework.Domain.Abstractions\Meadow.Framework.Domain.Abstractions.csproj", "{A1B2C3D4-E5F6-47A8-B9C0-D1E2F3A4B5C6}"
EndProject
Project("{FAE04EC0-301F-11D3-BF4B-00C04F79EFBC}") = "Meadow.Framework.Application.Abstractions", "src\Meadow.Framework.Application.Abstractions\Meadow.Framework.Application.Abstractions.csproj", "{B2C3D4E5-F6A7-48B9-C0D1-E2F3A4B5C6D7}"
EndProject
Project("{FAE04EC0-301F-11D3-BF4B-00C04F79EFBC}") = "Meadow.Framework.Infrastructure.Abstractions", "src\Meadow.Framework.Infrastructure.Abstractions\Meadow.Framework.Infrastructure.Abstractions.csproj", "{C3D4E5F6-A7B8-49CA-D1E2-F3A4B5C6D7E8}"
EndProject
Project("{FAE04EC0-301F-11D3-BF4B-00C04F79EFBC}") = "Meadow.Framework.IntegrationEvents", "src\Meadow.Framework.IntegrationEvents\Meadow.Framework.IntegrationEvents.csproj", "{D4E5F6A7-B8C9-4ADB-E2F3-A4B5C6D7E8F9}"
EndProject
Project("{FAE04EC0-301F-11D3-BF4B-00C04F79EFBC}") = "Meadow.Framework", "src\Meadow.Framework\Meadow.Framework.csproj", "{E5F6A7B8-C9DA-4BEC-F3A4-B5C6D7E8F9A0}"
EndProject
Project("{FAE04EC0-301F-11D3-BF4B-00C04F79EFBC}") = "Meadow_Framework.Core", "Meadow_Framework.Core\Meadow_Framework.Core.csproj", "{877021D8-66D6-4800-AB61-CC87D6BD0C34}"
EndProject
Project("{FAE04EC0-301F-11D3-BF4B-00C04F79EFBC}") = "Meadow_Framework.Analyzer", "Meadow_Framework.Analyzer\Meadow_Framework.Analyzer.csproj", "{4CC4141A-D410-4EF0-8FEE-DDF474A5A74E}"
EndProject
Project("{FAE04EC0-301F-11D3-BF4B-00C04F79EFBC}") = "Meadow.Framework.Mediator", "Meadow.Framework.Mediator\Meadow.Framework.Mediator.csproj", "{3CB37958-35CE-4406-B029-A6E1848259C2}"
EndProject
Project("{FAE04EC0-301F-11D3-BF4B-00C04F79EFBC}") = "Meadow.Framework.Outbox", "Meadow.Framework.Outbox\Meadow.Framework.Outbox.csproj", "{1BFF5BC7-68FC-4364-BC02-2D5AD27B2F95}"
EndProject
Project("{FAE04EC0-301F-11D3-BF4B-00C04F79EFBC}") = "Meadow_Framework.Exceptions", "Meadow_Framework.Exceptions\Meadow_Framework.Exceptions.csproj", "{C60E047C-31B8-4E1F-8D38-FA6840BC3BA5}"
EndProject
Global
	GlobalSection(SolutionConfigurationPlatforms) = preSolution
		Debug|Any CPU = Debug|Any CPU
		Release|Any CPU = Release|Any CPU
	EndGlobalSection
	GlobalSection(ProjectConfigurationPlatforms) = postSolution
		{A1B2C3D4-E5F6-47A8-B9C0-D1E2F3A4B5C6}.Debug|Any CPU.ActiveCfg = Debug|Any CPU
		{A1B2C3D4-E5F6-47A8-B9C0-D1E2F3A4B5C6}.Debug|Any CPU.Build.0 = Debug|Any CPU
		{A1B2C3D4-E5F6-47A8-B9C0-D1E2F3A4B5C6}.Release|Any CPU.ActiveCfg = Release|Any CPU
		{A1B2C3D4-E5F6-47A8-B9C0-D1E2F3A4B5C6}.Release|Any CPU.Build.0 = Release|Any CPU
		{B2C3D4E5-F6A7-48B9-C0D1-E2F3A4B5C6D7}.Debug|Any CPU.ActiveCfg = Debug|Any CPU
		{B2C3D4E5-F6A7-48B9-C0D1-E2F3A4B5C6D7}.Debug|Any CPU.Build.0 = Debug|Any CPU
		{B2C3D4E5-F6A7-48B9-C0D1-E2F3A4B5C6D7}.Release|Any CPU.ActiveCfg = Release|Any CPU
		{B2C3D4E5-F6A7-48B9-C0D1-E2F3A4B5C6D7}.Release|Any CPU.Build.0 = Release|Any CPU
		{C3D4E5F6-A7B8-49CA-D1E2-F3A4B5C6D7E8}.Debug|Any CPU.ActiveCfg = Debug|Any CPU
		{C3D4E5F6-A7B8-49CA-D1E2-F3A4B5C6D7E8}.Debug|Any CPU.Build.0 = Debug|Any CPU
		{C3D4E5F6-A7B8-49CA-D1E2-F3A4B5C6D7E8}.Release|Any CPU.ActiveCfg = Release|Any CPU
		{C3D4E5F6-A7B8-49CA-D1E2-F3A4B5C6D7E8}.Release|Any CPU.Build.0 = Release|Any CPU
		{D4E5F6A7-B8C9-4ADB-E2F3-A4B5C6D7E8F9}.Debug|Any CPU.ActiveCfg = Debug|Any CPU
		{D4E5F6A7-B8C9-4ADB-E2F3-A4B5C6D7E8F9}.Debug|Any CPU.Build.0 = Debug|Any CPU
		{D4E5F6A7-B8C9-4ADB-E2F3-A4B5C6D7E8F9}.Release|Any CPU.ActiveCfg = Release|Any CPU
		{D4E5F6A7-B8C9-4ADB-E2F3-A4B5C6D7E8F9}.Release|Any CPU.Build.0 = Release|Any CPU
		{E5F6A7B8-C9DA-4BEC-F3A4-B5C6D7E8F9A0}.Debug|Any CPU.ActiveCfg = Debug|Any CPU
		{E5F6A7B8-C9DA-4BEC-F3A4-B5C6D7E8F9A0}.Debug|Any CPU.Build.0 = Debug|Any CPU
		{E5F6A7B8-C9DA-4BEC-F3A4-B5C6D7E8F9A0}.Release|Any CPU.ActiveCfg = Release|Any CPU
		{E5F6A7B8-C9DA-4BEC-F3A4-B5C6D7E8F9A0}.Release|Any CPU.Build.0 = Release|Any CPU
		{877021D8-66D6-4800-AB61-CC87D6BD0C34}.Debug|Any CPU.ActiveCfg = Debug|Any CPU
		{877021D8-66D6-4800-AB61-CC87D6BD0C34}.Debug|Any CPU.Build.0 = Debug|Any CPU
		{877021D8-66D6-4800-AB61-CC87D6BD0C34}.Release|Any CPU.ActiveCfg = Release|Any CPU
		{877021D8-66D6-4800-AB61-CC87D6BD0C34}.Release|Any CPU.Build.0 = Release|Any CPU
		{4CC4141A-D410-4EF0-8FEE-DDF474A5A74E}.Debug|Any CPU.ActiveCfg = Debug|Any CPU
		{4CC4141A-D410-4EF0-8FEE-DDF474A5A74E}.Debug|Any CPU.Build.0 = Debug|Any CPU
		{4CC4141A-D410-4EF0-8FEE-DDF474A5A74E}.Release|Any CPU.ActiveCfg = Release|Any CPU
		{4CC4141A-D410-4EF0-8FEE-DDF474A5A74E}.Release|Any CPU.Build.0 = Release|Any CPU
		{3CB37958-35CE-4406-B029-A6E1848259C2}.Debug|Any CPU.ActiveCfg = Debug|Any CPU
		{3CB37958-35CE-4406-B029-A6E1848259C2}.Debug|Any CPU.Build.0 = Debug|Any CPU
		{3CB37958-35CE-4406-B029-A6E1848259C2}.Release|Any CPU.ActiveCfg = Release|Any CPU
		{3CB37958-35CE-4406-B029-A6E1848259C2}.Release|Any CPU.Build.0 = Release|Any CPU
		{1BFF5BC7-68FC-4364-BC02-2D5AD27B2F95}.Debug|Any CPU.ActiveCfg = Debug|Any CPU
		{1BFF5BC7-68FC-4364-BC02-2D5AD27B2F95}.Debug|Any CPU.Build.0 = Debug|Any CPU
		{1BFF5BC7-68FC-4364-BC02-2D5AD27B2F95}.Release|Any CPU.ActiveCfg = Release|Any CPU
		{1BFF5BC7-68FC-4364-BC02-2D5AD27B2F95}.Release|Any CPU.Build.0 = Release|Any CPU
		{C60E047C-31B8-4E1F-8D38-FA6840BC3BA5}.Debug|Any CPU.ActiveCfg = Debug|Any CPU
		{C60E047C-31B8-4E1F-8D38-FA6840BC3BA5}.Debug|Any CPU.Build.0 = Debug|Any CPU
		{C60E047C-31B8-4E1F-8D38-FA6840BC3BA5}.Release|Any CPU.ActiveCfg = Release|Any CPU
		{C60E047C-31B8-4E1F-8D38-FA6840BC3BA5}.Release|Any CPU.Build.0 = Release|Any CPU
	EndGlobalSection
EndGlobal
